
Microsoft Visual Studio Solution File, Format Version 12.00
# Visual Studio 15
VisualStudioVersion = 15.0.28010.2046
MinimumVisualStudioVersion = 10.0.40219.1
Project("{FAE04EC0-301F-11D3-BF4B-00C04F79EFBC}") = "FastGridSample.Android", "Sample\FastGridSample.Android\FastGridSample.Android.csproj", "{7C6D1654-3E04-4F34-B3DD-72FFA9693499}"
EndProject
Project("{FAE04EC0-301F-11D3-BF4B-00C04F79EFBC}") = "FastGridSample.iOS", "Sample\FastGridSample.iOS\FastGridSample.iOS.csproj", "{02BCE766-BA94-4714-84B0-26C303A3E110}"
EndProject
Project("{9A19103F-16F7-4668-BE54-9A1E7A4F7556}") = "FastGridSample", "Sample\FastGridSample\FastGridSample.csproj", "{FC5821C5-BCDD-4905-A242-F318B2677C5D}"
	ProjectSection(ProjectDependencies) = postProject
		{7B749930-552F-429F-B303-18878FDB264C} = {7B749930-552F-429F-B303-18878FDB264C}
	EndProjectSection
EndProject
Project("{2150E333-8FDC-42A3-9474-1A3956D46DE8}") = "Library", "Library", "{A4371132-88AC-4C2C-BF08-AE0F0D1E6F2D}"
EndProject
Project("{9A19103F-16F7-4668-BE54-9A1E7A4F7556}") = "FastGrid", "Binwell.Controls\FastGrid\FastGrid.csproj", "{7B749930-552F-429F-B303-18878FDB264C}"
EndProject
Project("{FAE04EC0-301F-11D3-BF4B-00C04F79EFBC}") = "FastGrid.Android", "Binwell.Controls\FastGrid.Android\FastGrid.Android.csproj", "{A25A0002-A767-4554-A6D5-31D91E7F3545}"
EndProject
Project("{FAE04EC0-301F-11D3-BF4B-00C04F79EFBC}") = "FastGrid.iOS", "Binwell.Controls\FastGrid.iOS\FastGrid.iOS.csproj", "{EBC99883-B9E5-45F7-826B-81ADFF29E100}"
EndProject
Global
	GlobalSection(SolutionConfigurationPlatforms) = preSolution
		Ad-Hoc|Any CPU = Ad-Hoc|Any CPU
		Ad-Hoc|iPhone = Ad-Hoc|iPhone
		Ad-Hoc|iPhoneSimulator = Ad-Hoc|iPhoneSimulator
		AppStore|Any CPU = AppStore|Any CPU
		AppStore|iPhone = AppStore|iPhone
		AppStore|iPhoneSimulator = AppStore|iPhoneSimulator
		Debug|Any CPU = Debug|Any CPU
		Debug|iPhone = Debug|iPhone
		Debug|iPhoneSimulator = Debug|iPhoneSimulator
		Release|Any CPU = Release|Any CPU
		Release|iPhone = Release|iPhone
		Release|iPhoneSimulator = Release|iPhoneSimulator
	EndGlobalSection
	GlobalSection(ProjectConfigurationPlatforms) = postSolution
		{7C6D1654-3E04-4F34-B3DD-72FFA9693499}.Ad-Hoc|Any CPU.ActiveCfg = Release|Any CPU
		{7C6D1654-3E04-4F34-B3DD-72FFA9693499}.Ad-Hoc|Any CPU.Build.0 = Release|Any CPU
		{7C6D1654-3E04-4F34-B3DD-72FFA9693499}.Ad-Hoc|Any CPU.Deploy.0 = Release|Any CPU
		{7C6D1654-3E04-4F34-B3DD-72FFA9693499}.Ad-Hoc|iPhone.ActiveCfg = Release|Any CPU
		{7C6D1654-3E04-4F34-B3DD-72FFA9693499}.Ad-Hoc|iPhone.Build.0 = Release|Any CPU
		{7C6D1654-3E04-4F34-B3DD-72FFA9693499}.Ad-Hoc|iPhone.Deploy.0 = Release|Any CPU
		{7C6D1654-3E04-4F34-B3DD-72FFA9693499}.Ad-Hoc|iPhoneSimulator.ActiveCfg = Release|Any CPU
		{7C6D1654-3E04-4F34-B3DD-72FFA9693499}.Ad-Hoc|iPhoneSimulator.Build.0 = Release|Any CPU
		{7C6D1654-3E04-4F34-B3DD-72FFA9693499}.Ad-Hoc|iPhoneSimulator.Deploy.0 = Release|Any CPU
		{7C6D1654-3E04-4F34-B3DD-72FFA9693499}.AppStore|Any CPU.ActiveCfg = Release|Any CPU
		{7C6D1654-3E04-4F34-B3DD-72FFA9693499}.AppStore|Any CPU.Build.0 = Release|Any CPU
		{7C6D1654-3E04-4F34-B3DD-72FFA9693499}.AppStore|Any CPU.Deploy.0 = Release|Any CPU
		{7C6D1654-3E04-4F34-B3DD-72FFA9693499}.AppStore|iPhone.ActiveCfg = Release|Any CPU
		{7C6D1654-3E04-4F34-B3DD-72FFA9693499}.AppStore|iPhone.Build.0 = Release|Any CPU
		{7C6D1654-3E04-4F34-B3DD-72FFA9693499}.AppStore|iPhone.Deploy.0 = Release|Any CPU
		{7C6D1654-3E04-4F34-B3DD-72FFA9693499}.AppStore|iPhoneSimulator.ActiveCfg = Release|Any CPU
		{7C6D1654-3E04-4F34-B3DD-72FFA9693499}.AppStore|iPhoneSimulator.Build.0 = Release|Any CPU
		{7C6D1654-3E04-4F34-B3DD-72FFA9693499}.AppStore|iPhoneSimulator.Deploy.0 = Release|Any CPU
		{7C6D1654-3E04-4F34-B3DD-72FFA9693499}.Debug|Any CPU.ActiveCfg = Debug|Any CPU
		{7C6D1654-3E04-4F34-B3DD-72FFA9693499}.Debug|Any CPU.Build.0 = Debug|Any CPU
		{7C6D1654-3E04-4F34-B3DD-72FFA9693499}.Debug|Any CPU.Deploy.0 = Debug|Any CPU
		{7C6D1654-3E04-4F34-B3DD-72FFA9693499}.Debug|iPhone.ActiveCfg = Debug|Any CPU
		{7C6D1654-3E04-4F34-B3DD-72FFA9693499}.Debug|iPhoneSimulator.ActiveCfg = Debug|Any CPU
		{7C6D1654-3E04-4F34-B3DD-72FFA9693499}.Release|Any CPU.ActiveCfg = Release|Any CPU
		{7C6D1654-3E04-4F34-B3DD-72FFA9693499}.Release|Any CPU.Build.0 = Release|Any CPU
		{7C6D1654-3E04-4F34-B3DD-72FFA9693499}.Release|Any CPU.Deploy.0 = Release|Any CPU
		{7C6D1654-3E04-4F34-B3DD-72FFA9693499}.Release|iPhone.ActiveCfg = Release|Any CPU
		{7C6D1654-3E04-4F34-B3DD-72FFA9693499}.Release|iPhone.Build.0 = Release|Any CPU
		{7C6D1654-3E04-4F34-B3DD-72FFA9693499}.Release|iPhone.Deploy.0 = Release|Any CPU
		{7C6D1654-3E04-4F34-B3DD-72FFA9693499}.Release|iPhoneSimulator.ActiveCfg = Release|Any CPU
		{7C6D1654-3E04-4F34-B3DD-72FFA9693499}.Release|iPhoneSimulator.Build.0 = Release|Any CPU
		{7C6D1654-3E04-4F34-B3DD-72FFA9693499}.Release|iPhoneSimulator.Deploy.0 = Release|Any CPU
		{02BCE766-BA94-4714-84B0-26C303A3E110}.Ad-Hoc|Any CPU.ActiveCfg = Ad-Hoc|iPhone
		{02BCE766-BA94-4714-84B0-26C303A3E110}.Ad-Hoc|Any CPU.Build.0 = Ad-Hoc|iPhone
		{02BCE766-BA94-4714-84B0-26C303A3E110}.Ad-Hoc|Any CPU.Deploy.0 = Ad-Hoc|iPhone
		{02BCE766-BA94-4714-84B0-26C303A3E110}.Ad-Hoc|iPhone.ActiveCfg = Ad-Hoc|iPhone
		{02BCE766-BA94-4714-84B0-26C303A3E110}.Ad-Hoc|iPhone.Build.0 = Ad-Hoc|iPhone
		{02BCE766-BA94-4714-84B0-26C303A3E110}.Ad-Hoc|iPhone.Deploy.0 = Ad-Hoc|iPhone
		{02BCE766-BA94-4714-84B0-26C303A3E110}.Ad-Hoc|iPhoneSimulator.ActiveCfg = Ad-Hoc|iPhoneSimulator
		{02BCE766-BA94-4714-84B0-26C303A3E110}.Ad-Hoc|iPhoneSimulator.Build.0 = Ad-Hoc|iPhoneSimulator
		{02BCE766-BA94-4714-84B0-26C303A3E110}.Ad-Hoc|iPhoneSimulator.Deploy.0 = Ad-Hoc|iPhoneSimulator
		{02BCE766-BA94-4714-84B0-26C303A3E110}.AppStore|Any CPU.ActiveCfg = AppStore|iPhone
		{02BCE766-BA94-4714-84B0-26C303A3E110}.AppStore|Any CPU.Build.0 = AppStore|iPhone
		{02BCE766-BA94-4714-84B0-26C303A3E110}.AppStore|Any CPU.Deploy.0 = AppStore|iPhone
		{02BCE766-BA94-4714-84B0-26C303A3E110}.AppStore|iPhone.ActiveCfg = AppStore|iPhone
		{02BCE766-BA94-4714-84B0-26C303A3E110}.AppStore|iPhone.Build.0 = AppStore|iPhone
		{02BCE766-BA94-4714-84B0-26C303A3E110}.AppStore|iPhone.Deploy.0 = AppStore|iPhone
		{02BCE766-BA94-4714-84B0-26C303A3E110}.AppStore|iPhoneSimulator.ActiveCfg = AppStore|iPhoneSimulator
		{02BCE766-BA94-4714-84B0-26C303A3E110}.AppStore|iPhoneSimulator.Build.0 = AppStore|iPhoneSimulator
		{02BCE766-BA94-4714-84B0-26C303A3E110}.AppStore|iPhoneSimulator.Deploy.0 = AppStore|iPhoneSimulator
		{02BCE766-BA94-4714-84B0-26C303A3E110}.Debug|Any CPU.ActiveCfg = Debug|iPhoneSimulator
		{02BCE766-BA94-4714-84B0-26C303A3E110}.Debug|Any CPU.Deploy.0 = Debug|iPhoneSimulator
		{02BCE766-BA94-4714-84B0-26C303A3E110}.Debug|iPhone.ActiveCfg = Debug|iPhone
		{02BCE766-BA94-4714-84B0-26C303A3E110}.Debug|iPhone.Build.0 = Debug|iPhone
		{02BCE766-BA94-4714-84B0-26C303A3E110}.Debug|iPhone.Deploy.0 = Debug|iPhone
		{02BCE766-BA94-4714-84B0-26C303A3E110}.Debug|iPhoneSimulator.ActiveCfg = Debug|iPhoneSimulator
		{02BCE766-BA94-4714-84B0-26C303A3E110}.Debug|iPhoneSimulator.Build.0 = Debug|iPhoneSimulator
		{02BCE766-BA94-4714-84B0-26C303A3E110}.Debug|iPhoneSimulator.Deploy.0 = Debug|iPhoneSimulator
		{02BCE766-BA94-4714-84B0-26C303A3E110}.Release|Any CPU.ActiveCfg = Release|iPhoneSimulator
		{02BCE766-BA94-4714-84B0-26C303A3E110}.Release|Any CPU.Deploy.0 = Release|iPhoneSimulator
		{02BCE766-BA94-4714-84B0-26C303A3E110}.Release|iPhone.ActiveCfg = Release|iPhone
		{02BCE766-BA94-4714-84B0-26C303A3E110}.Release|iPhone.Build.0 = Release|iPhone
		{02BCE766-BA94-4714-84B0-26C303A3E110}.Release|iPhone.Deploy.0 = Release|iPhone
		{02BCE766-BA94-4714-84B0-26C303A3E110}.Release|iPhoneSimulator.ActiveCfg = Release|iPhoneSimulator
		{02BCE766-BA94-4714-84B0-26C303A3E110}.Release|iPhoneSimulator.Build.0 = Release|iPhoneSimulator
		{02BCE766-BA94-4714-84B0-26C303A3E110}.Release|iPhoneSimulator.Deploy.0 = Release|iPhoneSimulator
		{FC5821C5-BCDD-4905-A242-F318B2677C5D}.Ad-Hoc|Any CPU.ActiveCfg = Debug|Any CPU
		{FC5821C5-BCDD-4905-A242-F318B2677C5D}.Ad-Hoc|Any CPU.Build.0 = Debug|Any CPU
		{FC5821C5-BCDD-4905-A242-F318B2677C5D}.Ad-Hoc|Any CPU.Deploy.0 = Debug|Any CPU
		{FC5821C5-BCDD-4905-A242-F318B2677C5D}.Ad-Hoc|iPhone.ActiveCfg = Debug|Any CPU
		{FC5821C5-BCDD-4905-A242-F318B2677C5D}.Ad-Hoc|iPhone.Build.0 = Debug|Any CPU
		{FC5821C5-BCDD-4905-A242-F318B2677C5D}.Ad-Hoc|iPhone.Deploy.0 = Debug|Any CPU
		{FC5821C5-BCDD-4905-A242-F318B2677C5D}.Ad-Hoc|iPhoneSimulator.ActiveCfg = Debug|Any CPU
		{FC5821C5-BCDD-4905-A242-F318B2677C5D}.Ad-Hoc|iPhoneSimulator.Build.0 = Debug|Any CPU
		{FC5821C5-BCDD-4905-A242-F318B2677C5D}.Ad-Hoc|iPhoneSimulator.Deploy.0 = Debug|Any CPU
		{FC5821C5-BCDD-4905-A242-F318B2677C5D}.AppStore|Any CPU.ActiveCfg = Debug|Any CPU
		{FC5821C5-BCDD-4905-A242-F318B2677C5D}.AppStore|Any CPU.Build.0 = Debug|Any CPU
		{FC5821C5-BCDD-4905-A242-F318B2677C5D}.AppStore|Any CPU.Deploy.0 = Debug|Any CPU
		{FC5821C5-BCDD-4905-A242-F318B2677C5D}.AppStore|iPhone.ActiveCfg = Debug|Any CPU
		{FC5821C5-BCDD-4905-A242-F318B2677C5D}.AppStore|iPhone.Build.0 = Debug|Any CPU
		{FC5821C5-BCDD-4905-A242-F318B2677C5D}.AppStore|iPhone.Deploy.0 = Debug|Any CPU
		{FC5821C5-BCDD-4905-A242-F318B2677C5D}.AppStore|iPhoneSimulator.ActiveCfg = Debug|Any CPU
		{FC5821C5-BCDD-4905-A242-F318B2677C5D}.AppStore|iPhoneSimulator.Build.0 = Debug|Any CPU
		{FC5821C5-BCDD-4905-A242-F318B2677C5D}.AppStore|iPhoneSimulator.Deploy.0 = Debug|Any CPU
		{FC5821C5-BCDD-4905-A242-F318B2677C5D}.Debug|Any CPU.ActiveCfg = Debug|Any CPU
		{FC5821C5-BCDD-4905-A242-F318B2677C5D}.Debug|Any CPU.Build.0 = Debug|Any CPU
		{FC5821C5-BCDD-4905-A242-F318B2677C5D}.Debug|Any CPU.Deploy.0 = Debug|Any CPU
		{FC5821C5-BCDD-4905-A242-F318B2677C5D}.Debug|iPhone.ActiveCfg = Debug|Any CPU
		{FC5821C5-BCDD-4905-A242-F318B2677C5D}.Debug|iPhone.Build.0 = Debug|Any CPU
		{FC5821C5-BCDD-4905-A242-F318B2677C5D}.Debug|iPhone.Deploy.0 = Debug|Any CPU
		{FC5821C5-BCDD-4905-A242-F318B2677C5D}.Debug|iPhoneSimulator.ActiveCfg = Debug|Any CPU
		{FC5821C5-BCDD-4905-A242-F318B2677C5D}.Debug|iPhoneSimulator.Build.0 = Debug|Any CPU
		{FC5821C5-BCDD-4905-A242-F318B2677C5D}.Debug|iPhoneSimulator.Deploy.0 = Debug|Any CPU
		{FC5821C5-BCDD-4905-A242-F318B2677C5D}.Release|Any CPU.ActiveCfg = Release|Any CPU
		{FC5821C5-BCDD-4905-A242-F318B2677C5D}.Release|Any CPU.Build.0 = Release|Any CPU
		{FC5821C5-BCDD-4905-A242-F318B2677C5D}.Release|Any CPU.Deploy.0 = Release|Any CPU
		{FC5821C5-BCDD-4905-A242-F318B2677C5D}.Release|iPhone.ActiveCfg = Release|Any CPU
		{FC5821C5-BCDD-4905-A242-F318B2677C5D}.Release|iPhone.Build.0 = Release|Any CPU
		{FC5821C5-BCDD-4905-A242-F318B2677C5D}.Release|iPhone.Deploy.0 = Release|Any CPU
		{FC5821C5-BCDD-4905-A242-F318B2677C5D}.Release|iPhoneSimulator.ActiveCfg = Release|Any CPU
		{FC5821C5-BCDD-4905-A242-F318B2677C5D}.Release|iPhoneSimulator.Build.0 = Release|Any CPU
		{FC5821C5-BCDD-4905-A242-F318B2677C5D}.Release|iPhoneSimulator.Deploy.0 = Release|Any CPU
		{7B749930-552F-429F-B303-18878FDB264C}.Ad-Hoc|Any CPU.ActiveCfg = Debug|Any CPU
		{7B749930-552F-429F-B303-18878FDB264C}.Ad-Hoc|Any CPU.Build.0 = Debug|Any CPU
		{7B749930-552F-429F-B303-18878FDB264C}.Ad-Hoc|iPhone.ActiveCfg = Debug|Any CPU
		{7B749930-552F-429F-B303-18878FDB264C}.Ad-Hoc|iPhone.Build.0 = Debug|Any CPU
		{7B749930-552F-429F-B303-18878FDB264C}.Ad-Hoc|iPhoneSimulator.ActiveCfg = Debug|Any CPU
		{7B749930-552F-429F-B303-18878FDB264C}.Ad-Hoc|iPhoneSimulator.Build.0 = Debug|Any CPU
		{7B749930-552F-429F-B303-18878FDB264C}.AppStore|Any CPU.ActiveCfg = Debug|Any CPU
		{7B749930-552F-429F-B303-18878FDB264C}.AppStore|Any CPU.Build.0 = Debug|Any CPU
		{7B749930-552F-429F-B303-18878FDB264C}.AppStore|iPhone.ActiveCfg = Debug|Any CPU
		{7B749930-552F-429F-B303-18878FDB264C}.AppStore|iPhone.Build.0 = Debug|Any CPU
		{7B749930-552F-429F-B303-18878FDB264C}.AppStore|iPhoneSimulator.ActiveCfg = Debug|Any CPU
		{7B749930-552F-429F-B303-18878FDB264C}.AppStore|iPhoneSimulator.Build.0 = Debug|Any CPU
		{7B749930-552F-429F-B303-18878FDB264C}.Debug|Any CPU.ActiveCfg = Debug|Any CPU
		{7B749930-552F-429F-B303-18878FDB264C}.Debug|Any CPU.Build.0 = Debug|Any CPU
		{7B749930-552F-429F-B303-18878FDB264C}.Debug|iPhone.ActiveCfg = Debug|Any CPU
		{7B749930-552F-429F-B303-18878FDB264C}.Debug|iPhone.Build.0 = Debug|Any CPU
		{7B749930-552F-429F-B303-18878FDB264C}.Debug|iPhoneSimulator.ActiveCfg = Debug|Any CPU
		{7B749930-552F-429F-B303-18878FDB264C}.Debug|iPhoneSimulator.Build.0 = Debug|Any CPU
		{7B749930-552F-429F-B303-18878FDB264C}.Release|Any CPU.ActiveCfg = Release|Any CPU
		{7B749930-552F-429F-B303-18878FDB264C}.Release|Any CPU.Build.0 = Release|Any CPU
		{7B749930-552F-429F-B303-18878FDB264C}.Release|iPhone.ActiveCfg = Release|Any CPU
		{7B749930-552F-429F-B303-18878FDB264C}.Release|iPhone.Build.0 = Release|Any CPU
		{7B749930-552F-429F-B303-18878FDB264C}.Release|iPhoneSimulator.ActiveCfg = Release|Any CPU
		{7B749930-552F-429F-B303-18878FDB264C}.Release|iPhoneSimulator.Build.0 = Release|Any CPU
		{A25A0002-A767-4554-A6D5-31D91E7F3545}.Ad-Hoc|Any CPU.ActiveCfg = Release|Any CPU
		{A25A0002-A767-4554-A6D5-31D91E7F3545}.Ad-Hoc|Any CPU.Build.0 = Release|Any CPU
		{A25A0002-A767-4554-A6D5-31D91E7F3545}.Ad-Hoc|Any CPU.Deploy.0 = Release|Any CPU
		{A25A0002-A767-4554-A6D5-31D91E7F3545}.Ad-Hoc|iPhone.ActiveCfg = Release|Any CPU
		{A25A0002-A767-4554-A6D5-31D91E7F3545}.Ad-Hoc|iPhone.Build.0 = Release|Any CPU
		{A25A0002-A767-4554-A6D5-31D91E7F3545}.Ad-Hoc|iPhone.Deploy.0 = Release|Any CPU
		{A25A0002-A767-4554-A6D5-31D91E7F3545}.Ad-Hoc|iPhoneSimulator.ActiveCfg = Release|Any CPU
		{A25A0002-A767-4554-A6D5-31D91E7F3545}.Ad-Hoc|iPhoneSimulator.Build.0 = Release|Any CPU
		{A25A0002-A767-4554-A6D5-31D91E7F3545}.Ad-Hoc|iPhoneSimulator.Deploy.0 = Release|Any CPU
		{A25A0002-A767-4554-A6D5-31D91E7F3545}.AppStore|Any CPU.ActiveCfg = Release|Any CPU
		{A25A0002-A767-4554-A6D5-31D91E7F3545}.AppStore|Any CPU.Build.0 = Release|Any CPU
		{A25A0002-A767-4554-A6D5-31D91E7F3545}.AppStore|Any CPU.Deploy.0 = Release|Any CPU
		{A25A0002-A767-4554-A6D5-31D91E7F3545}.AppStore|iPhone.ActiveCfg = Release|Any CPU
		{A25A0002-A767-4554-A6D5-31D91E7F3545}.AppStore|iPhone.Build.0 = Release|Any CPU
		{A25A0002-A767-4554-A6D5-31D91E7F3545}.AppStore|iPhone.Deploy.0 = Release|Any CPU
		{A25A0002-A767-4554-A6D5-31D91E7F3545}.AppStore|iPhoneSimulator.ActiveCfg = Release|Any CPU
		{A25A0002-A767-4554-A6D5-31D91E7F3545}.AppStore|iPhoneSimulator.Build.0 = Release|Any CPU
		{A25A0002-A767-4554-A6D5-31D91E7F3545}.AppStore|iPhoneSimulator.Deploy.0 = Release|Any CPU
		{A25A0002-A767-4554-A6D5-31D91E7F3545}.Debug|Any CPU.ActiveCfg = Debug|Any CPU
		{A25A0002-A767-4554-A6D5-31D91E7F3545}.Debug|Any CPU.Build.0 = Debug|Any CPU
		{A25A0002-A767-4554-A6D5-31D91E7F3545}.Debug|Any CPU.Deploy.0 = Debug|Any CPU
		{A25A0002-A767-4554-A6D5-31D91E7F3545}.Debug|iPhone.ActiveCfg = Debug|Any CPU
		{A25A0002-A767-4554-A6D5-31D91E7F3545}.Debug|iPhoneSimulator.ActiveCfg = Debug|Any CPU
		{A25A0002-A767-4554-A6D5-31D91E7F3545}.Release|Any CPU.ActiveCfg = Release|Any CPU
		{A25A0002-A767-4554-A6D5-31D91E7F3545}.Release|Any CPU.Build.0 = Release|Any CPU
		{A25A0002-A767-4554-A6D5-31D91E7F3545}.Release|Any CPU.Deploy.0 = Release|Any CPU
		{A25A0002-A767-4554-A6D5-31D91E7F3545}.Release|iPhone.ActiveCfg = Release|Any CPU
		{A25A0002-A767-4554-A6D5-31D91E7F3545}.Release|iPhone.Build.0 = Release|Any CPU
		{A25A0002-A767-4554-A6D5-31D91E7F3545}.Release|iPhone.Deploy.0 = Release|Any CPU
		{A25A0002-A767-4554-A6D5-31D91E7F3545}.Release|iPhoneSimulator.ActiveCfg = Release|Any CPU
		{A25A0002-A767-4554-A6D5-31D91E7F3545}.Release|iPhoneSimulator.Build.0 = Release|Any CPU
		{A25A0002-A767-4554-A6D5-31D91E7F3545}.Release|iPhoneSimulator.Deploy.0 = Release|Any CPU
		{EBC99883-B9E5-45F7-826B-81ADFF29E100}.Ad-Hoc|Any CPU.ActiveCfg = Ad-Hoc|iPhone
		{EBC99883-B9E5-45F7-826B-81ADFF29E100}.Ad-Hoc|iPhone.ActiveCfg = Ad-Hoc|iPhone
		{EBC99883-B9E5-45F7-826B-81ADFF29E100}.Ad-Hoc|iPhone.Build.0 = Ad-Hoc|iPhone
		{EBC99883-B9E5-45F7-826B-81ADFF29E100}.Ad-Hoc|iPhoneSimulator.ActiveCfg = Ad-Hoc|iPhoneSimulator
		{EBC99883-B9E5-45F7-826B-81ADFF29E100}.Ad-Hoc|iPhoneSimulator.Build.0 = Ad-Hoc|iPhoneSimulator
		{EBC99883-B9E5-45F7-826B-81ADFF29E100}.AppStore|Any CPU.ActiveCfg = AppStore|iPhone
		{EBC99883-B9E5-45F7-826B-81ADFF29E100}.AppStore|iPhone.ActiveCfg = AppStore|iPhone
		{EBC99883-B9E5-45F7-826B-81ADFF29E100}.AppStore|iPhone.Build.0 = AppStore|iPhone
		{EBC99883-B9E5-45F7-826B-81ADFF29E100}.AppStore|iPhoneSimulator.ActiveCfg = AppStore|iPhoneSimulator
		{EBC99883-B9E5-45F7-826B-81ADFF29E100}.AppStore|iPhoneSimulator.Build.0 = AppStore|iPhoneSimulator
		{EBC99883-B9E5-45F7-826B-81ADFF29E100}.Debug|Any CPU.ActiveCfg = Debug|iPhoneSimulator
		{EBC99883-B9E5-45F7-826B-81ADFF29E100}.Debug|iPhone.ActiveCfg = Debug|iPhone
		{EBC99883-B9E5-45F7-826B-81ADFF29E100}.Debug|iPhone.Build.0 = Debug|iPhone
		{EBC99883-B9E5-45F7-826B-81ADFF29E100}.Debug|iPhoneSimulator.ActiveCfg = Debug|iPhoneSimulator
		{EBC99883-B9E5-45F7-826B-81ADFF29E100}.Debug|iPhoneSimulator.Build.0 = Debug|iPhoneSimulator
		{EBC99883-B9E5-45F7-826B-81ADFF29E100}.Release|Any CPU.ActiveCfg = Release|iPhoneSimulator
		{EBC99883-B9E5-45F7-826B-81ADFF29E100}.Release|iPhone.ActiveCfg = Release|iPhone
		{EBC99883-B9E5-45F7-826B-81ADFF29E100}.Release|iPhone.Build.0 = Release|iPhone
		{EBC99883-B9E5-45F7-826B-81ADFF29E100}.Release|iPhoneSimulator.ActiveCfg = Release|iPhoneSimulator
		{EBC99883-B9E5-45F7-826B-81ADFF29E100}.Release|iPhoneSimulator.Build.0 = Release|iPhoneSimulator
	EndGlobalSection
	GlobalSection(SolutionProperties) = preSolution
		HideSolutionNode = FALSE
	EndGlobalSection
	GlobalSection(NestedProjects) = preSolution
		{7B749930-552F-429F-B303-18878FDB264C} = {A4371132-88AC-4C2C-BF08-AE0F0D1E6F2D}
		{A25A0002-A767-4554-A6D5-31D91E7F3545} = {A4371132-88AC-4C2C-BF08-AE0F0D1E6F2D}
		{EBC99883-B9E5-45F7-826B-81ADFF29E100} = {A4371132-88AC-4C2C-BF08-AE0F0D1E6F2D}
	EndGlobalSection
	GlobalSection(ExtensibilityGlobals) = postSolution
		SolutionGuid = {0B6FE0CF-2C0B-4C3B-8DC2-C486B3A42760}
	EndGlobalSection
EndGlobal
